
Microsoft Visual Studio Solution File, Format Version 12.00
Project("{FAE04EC0-301F-11D3-BF4B-00C04F79EFBC}") = "RPN", "RPN\RPN.csproj", "{661B92C2-ACA2-4F65-BED0-DC87EE5CCFD3}"
EndProject
Project("{FAE04EC0-301F-11D3-BF4B-00C04F79EFBC}") = "RPNLogic", "RPNLogic\RPNLogic.csproj", "{DEDFF014-13BC-4D50-B9E9-0C26CF2F6917}"
EndProject
Project("{FAE04EC0-301F-11D3-BF4B-00C04F79EFBC}") = "TestProject", "TestProject\TestProject.csproj", "{8BD4ED4E-B0BC-4D06-B196-4147C9CD4F8D}"
EndProject
Project("{FAE04EC0-301F-11D3-BF4B-00C04F79EFBC}") = "RPNGUI", "RPNGUI\RPNGUI.csproj", "{18D67157-2683-419D-8465-1EC739C93DCE}"
EndProject
Global
	GlobalSection(SolutionConfigurationPlatforms) = preSolution
		Debug|Any CPU = Debug|Any CPU
		Release|Any CPU = Release|Any CPU
	EndGlobalSection
	GlobalSection(ProjectConfigurationPlatforms) = postSolution
		{661B92C2-ACA2-4F65-BED0-DC87EE5CCFD3}.Debug|Any CPU.ActiveCfg = Debug|Any CPU
		{661B92C2-ACA2-4F65-BED0-DC87EE5CCFD3}.Debug|Any CPU.Build.0 = Debug|Any CPU
		{661B92C2-ACA2-4F65-BED0-DC87EE5CCFD3}.Release|Any CPU.ActiveCfg = Release|Any CPU
		{661B92C2-ACA2-4F65-BED0-DC87EE5CCFD3}.Release|Any CPU.Build.0 = Release|Any CPU
		{DEDFF014-13BC-4D50-B9E9-0C26CF2F6917}.Debug|Any CPU.ActiveCfg = Debug|Any CPU
		{DEDFF014-13BC-4D50-B9E9-0C26CF2F6917}.Debug|Any CPU.Build.0 = Debug|Any CPU
		{DEDFF014-13BC-4D50-B9E9-0C26CF2F6917}.Release|Any CPU.ActiveCfg = Release|Any CPU
		{DEDFF014-13BC-4D50-B9E9-0C26CF2F6917}.Release|Any CPU.Build.0 = Release|Any CPU
		{8BD4ED4E-B0BC-4D06-B196-4147C9CD4F8D}.Debug|Any CPU.ActiveCfg = Debug|Any CPU
		{8BD4ED4E-B0BC-4D06-B196-4147C9CD4F8D}.Debug|Any CPU.Build.0 = Debug|Any CPU
		{8BD4ED4E-B0BC-4D06-B196-4147C9CD4F8D}.Release|Any CPU.ActiveCfg = Release|Any CPU
		{8BD4ED4E-B0BC-4D06-B196-4147C9CD4F8D}.Release|Any CPU.Build.0 = Release|Any CPU
		{18D67157-2683-419D-8465-1EC739C93DCE}.Debug|Any CPU.ActiveCfg = Debug|Any CPU
		{18D67157-2683-419D-8465-1EC739C93DCE}.Debug|Any CPU.Build.0 = Debug|Any CPU
		{18D67157-2683-419D-8465-1EC739C93DCE}.Release|Any CPU.ActiveCfg = Release|Any CPU
		{18D67157-2683-419D-8465-1EC739C93DCE}.Release|Any CPU.Build.0 = Release|Any CPU
	EndGlobalSection
EndGlobal
